{
  "dependencies": {
    "webshot": {
      "version": "0.16.0",
      "resolved": "https://registry.npmjs.org/webshot/-/webshot-0.16.0.tgz",
      "from": "https://registry.npmjs.org/webshot/-/webshot-0.16.0.tgz",
      "dependencies": {
        "cross-spawn": {
          "version": "0.2.9",
          "resolved": "https://registry.npmjs.org/cross-spawn/-/cross-spawn-0.2.9.tgz",
          "from": "https://registry.npmjs.org/cross-spawn/-/cross-spawn-0.2.9.tgz",
          "dependencies": {
            "lru-cache": {
              "version": "2.7.3",
              "resolved": "https://registry.npmjs.org/lru-cache/-/lru-cache-2.7.3.tgz",
              "from": "https://registry.npmjs.org/lru-cache/-/lru-cache-2.7.3.tgz"
            }
          }
        },
        "graceful-fs": {
          "version": "3.0.8",
          "resolved": "https://registry.npmjs.org/graceful-fs/-/graceful-fs-3.0.8.tgz",
          "from": "https://registry.npmjs.org/graceful-fs/-/graceful-fs-3.0.8.tgz"
        },
        "tmp": {
          "version": "0.0.28",
          "resolved": "https://registry.npmjs.org/tmp/-/tmp-0.0.28.tgz",
          "from": "https://registry.npmjs.org/tmp/-/tmp-0.0.28.tgz",
          "dependencies": {
            "os-tmpdir": {
              "version": "1.0.1",
              "resolved": "https://registry.npmjs.org/os-tmpdir/-/os-tmpdir-1.0.1.tgz",
              "from": "https://registry.npmjs.org/os-tmpdir/-/os-tmpdir-1.0.1.tgz"
            }
          }
        }
      }
    }
  }
}
